
Microsoft Visual Studio Solution File, Format Version 12.00
# Visual Studio Version 16
VisualStudioVersion = 16.0.31911.196
MinimumVisualStudioVersion = 10.0.40219.1
Project("{FAE04EC0-301F-11D3-BF4B-00C04F79EFBC}") = "DividindoXPorY", "DividindoXPorY\DividindoXPorY.csproj", "{DD08EBA8-672D-45D0-BC88-02626748AF2E}"
EndProject
Global
	GlobalSection(SolutionConfigurationPlatforms) = preSolution
		Debug|Any CPU = Debug|Any CPU
		Release|Any CPU = Release|Any CPU
	EndGlobalSection
	GlobalSection(ProjectConfigurationPlatforms) = postSolution
		{DD08EBA8-672D-45D0-BC88-02626748AF2E}.Debug|Any CPU.ActiveCfg = Debug|Any CPU
		{DD08EBA8-672D-45D0-BC88-02626748AF2E}.Debug|Any CPU.Build.0 = Debug|Any CPU
		{DD08EBA8-672D-45D0-BC88-02626748AF2E}.Release|Any CPU.ActiveCfg = Release|Any CPU
		{DD08EBA8-672D-45D0-BC88-02626748AF2E}.Release|Any CPU.Build.0 = Release|Any CPU
	EndGlobalSection
	GlobalSection(SolutionProperties) = preSolution
		HideSolutionNode = FALSE
	EndGlobalSection
	GlobalSection(ExtensibilityGlobals) = postSolution
		SolutionGuid = {1CFB9D50-1B49-4433-B927-BEE2E08650DE}
	EndGlobalSection
EndGlobal
