
Microsoft Visual Studio Solution File, Format Version 12.00
# Visual Studio Version 16
VisualStudioVersion = 16.0.31911.196
MinimumVisualStudioVersion = 10.0.40219.1
Project("{FAE04EC0-301F-11D3-BF4B-00C04F79EFBC}") = "Xenlongão", "Xenlongão\Xenlongão.csproj", "{4F48F363-D945-44A1-B2E0-B618501F08DC}"
EndProject
Global
	GlobalSection(SolutionConfigurationPlatforms) = preSolution
		Debug|Any CPU = Debug|Any CPU
		Release|Any CPU = Release|Any CPU
	EndGlobalSection
	GlobalSection(ProjectConfigurationPlatforms) = postSolution
		{4F48F363-D945-44A1-B2E0-B618501F08DC}.Debug|Any CPU.ActiveCfg = Debug|Any CPU
		{4F48F363-D945-44A1-B2E0-B618501F08DC}.Debug|Any CPU.Build.0 = Debug|Any CPU
		{4F48F363-D945-44A1-B2E0-B618501F08DC}.Release|Any CPU.ActiveCfg = Release|Any CPU
		{4F48F363-D945-44A1-B2E0-B618501F08DC}.Release|Any CPU.Build.0 = Release|Any CPU
	EndGlobalSection
	GlobalSection(SolutionProperties) = preSolution
		HideSolutionNode = FALSE
	EndGlobalSection
	GlobalSection(ExtensibilityGlobals) = postSolution
		SolutionGuid = {AA9809D3-519A-4BAE-B8A5-532ED739DBCE}
	EndGlobalSection
EndGlobal
