
Microsoft Visual Studio Solution File, Format Version 12.00
# Visual Studio Version 16
VisualStudioVersion = 16.0.31911.196
MinimumVisualStudioVersion = 10.0.40219.1
Project("{FAE04EC0-301F-11D3-BF4B-00C04F79EFBC}") = "SucessorPar", "SucessorPar\SucessorPar.csproj", "{019F079C-9771-4998-801C-1B6137D1D5BB}"
EndProject
Global
	GlobalSection(SolutionConfigurationPlatforms) = preSolution
		Debug|Any CPU = Debug|Any CPU
		Release|Any CPU = Release|Any CPU
	EndGlobalSection
	GlobalSection(ProjectConfigurationPlatforms) = postSolution
		{019F079C-9771-4998-801C-1B6137D1D5BB}.Debug|Any CPU.ActiveCfg = Debug|Any CPU
		{019F079C-9771-4998-801C-1B6137D1D5BB}.Debug|Any CPU.Build.0 = Debug|Any CPU
		{019F079C-9771-4998-801C-1B6137D1D5BB}.Release|Any CPU.ActiveCfg = Release|Any CPU
		{019F079C-9771-4998-801C-1B6137D1D5BB}.Release|Any CPU.Build.0 = Release|Any CPU
	EndGlobalSection
	GlobalSection(SolutionProperties) = preSolution
		HideSolutionNode = FALSE
	EndGlobalSection
	GlobalSection(ExtensibilityGlobals) = postSolution
		SolutionGuid = {47F34DD2-ED86-41D5-84A2-67F166C503F7}
	EndGlobalSection
EndGlobal
